<?xml version="1.0" encoding="utf-8"?>
<Project ToolsVersion="4.0" xmlns="http://schemas.microsoft.com/developer/msbuild/2003">
  <ItemGroup>
    <Filter Include="Source Files">
      <UniqueIdentifier>{4FC737F1-C7A5-4376-A066-2A32D752A2FF}</UniqueIdentifier>
      <Extensions>cpp;c;cc;cxx;def;odl;idl;hpj;bat;asm;asmx</Extensions>
    </Filter>
    <Filter Include="Resource Files">
      <UniqueIdentifier>{67DA6AB6-F800-4c08-8B7A-83BB121AAD01}</UniqueIdentifier>
      <Extensions>rc;ico;cur;bmp;dlg;rc2;rct;bin;rgs;gif;jpg;jpeg;jpe;resx;tiff;tif;png;wav;mfcribbon-ms</Extensions>
    </Filter>
    <Filter Include="Engine">
      <UniqueIdentifier>{93995380-89BD-4b04-88EB-625FBE52EBFB}</UniqueIdentifier>
      <Extensions>h;hh;hpp;hxx;hm;inl;inc;xsd</Extensions>
    </Filter>
    <Filter Include="Engine\Components">
      <UniqueIdentifier>{78b2c2ff-c8b7-4a66-aa01-b42031a02a06}</UniqueIdentifier>
    </Filter>
    <Filter Include="Engine\ImGUI">
      <UniqueIdentifier>{700fef85-6c7c-4a6b-81e6-d5a493de4f52}</UniqueIdentifier>
    </Filter>
    <Filter Include="Engine\Renderers">
      <UniqueIdentifier>{5377d8a3-e6a2-4208-9a5f-74966fe1c550}</UniqueIdentifier>
    </Filter>
    <Filter Include="Engine\ImGUI\Glad">
      <UniqueIdentifier>{0816f9a7-10eb-4b71-8635-5c6acd71d85a}</UniqueIdentifier>
    </Filter>
    <Filter Include="Engine\GL&amp;SDL">
      <UniqueIdentifier>{4d56d8e8-6849-40fa-a1cd-5abc1136b8aa}</UniqueIdentifier>
    </Filter>
    <Filter Include="Engine\OpenGLGraphics%28NOTREADY%29">
      <UniqueIdentifier>{6e87a317-da56-470b-8493-444256f88fc3}</UniqueIdentifier>
    </Filter>
    <Filter Include="Engine\OpenGLGraphics%28NOTREADY%29\Buffers">
      <UniqueIdentifier>{b5df5592-e9fd-4922-8e89-6255d79bd383}</UniqueIdentifier>
    </Filter>
    <Filter Include="Engine\OpenGLGraphics%28NOTREADY%29\Shader">
      <UniqueIdentifier>{6ac68f5a-571d-405e-9344-613703719cab}</UniqueIdentifier>
    </Filter>
  </ItemGroup>
  <ItemGroup>
    <ClInclude Include="ResourceManager.h">
      <Filter>Engine</Filter>
    </ClInclude>
    <ClInclude Include="Texture2D.h">
      <Filter>Engine</Filter>
    </ClInclude>
    <ClInclude Include="InputManager.h">
      <Filter>Engine</Filter>
    </ClInclude>
    <ClInclude Include="GameObject.h">
      <Filter>Engine</Filter>
    </ClInclude>
    <ClInclude Include="Scene.h">
      <Filter>Engine</Filter>
    </ClInclude>
    <ClInclude Include="SceneManager.h">
      <Filter>Engine</Filter>
    </ClInclude>
    <ClInclude Include="Font.h">
      <Filter>Engine</Filter>
    </ClInclude>
    <ClInclude Include="Minigin.h">
      <Filter>Engine</Filter>
    </ClInclude>
    <ClInclude Include="WorldTimeManager.h">
      <Filter>Engine</Filter>
    </ClInclude>
    <ClInclude Include="Component.h">
      <Filter>Engine\Components</Filter>
    </ClInclude>
    <ClInclude Include="TextComponent.h">
      <Filter>Engine\Components</Filter>
    </ClInclude>
    <ClInclude Include="FPSComponent.h">
      <Filter>Engine\Components</Filter>
    </ClInclude>
    <ClInclude Include="TextureComponent.h">
      <Filter>Engine\Components</Filter>
    </ClInclude>
    <ClInclude Include="TransformComponent.h">
      <Filter>Engine\Components</Filter>
    </ClInclude>
    <ClInclude Include="RotatorComponent.h">
      <Filter>Engine\Components</Filter>
    </ClInclude>
    <ClInclude Include="Singleton.h">
      <Filter>Engine</Filter>
    </ClInclude>
    <ClInclude Include="..\3rdParty\imgui\imconfig.h">
      <Filter>Engine\ImGUI</Filter>
    </ClInclude>
    <ClInclude Include="..\3rdParty\imgui\imgui.h">
      <Filter>Engine\ImGUI</Filter>
    </ClInclude>
    <ClInclude Include="..\3rdParty\imgui\imgui_internal.h">
      <Filter>Engine\ImGUI</Filter>
    </ClInclude>
    <ClInclude Include="..\3rdParty\imgui\imstb_rectpack.h">
      <Filter>Engine\ImGUI</Filter>
    </ClInclude>
    <ClInclude Include="..\3rdParty\imgui\imstb_textedit.h">
      <Filter>Engine\ImGUI</Filter>
    </ClInclude>
    <ClInclude Include="..\3rdParty\imgui\imstb_truetype.h">
      <Filter>Engine\ImGUI</Filter>
    </ClInclude>
    <ClInclude Include="..\3rdParty\imgui\backends\imgui_impl_opengl3.h">
      <Filter>Engine\ImGUI</Filter>
    </ClInclude>
    <ClInclude Include="..\3rdParty\imgui\backends\imgui_impl_sdl2.h">
      <Filter>Engine\ImGUI</Filter>
    </ClInclude>
    <ClInclude Include="Renderer.h">
      <Filter>Engine\Renderers</Filter>
    </ClInclude>
    <ClInclude Include="ImguiRenderer.h">
      <Filter>Engine\Renderers</Filter>
    </ClInclude>
    <ClInclude Include="GLSDLManager.h">
      <Filter>Engine\GL&amp;SDL</Filter>
    </ClInclude>
    <ClInclude Include="Mesh2DComponent.h">
      <Filter>Engine\OpenGLGraphics%28NOTREADY%29</Filter>
    </ClInclude>
    <ClInclude Include="FrameBuffer.h">
      <Filter>Engine\OpenGLGraphics%28NOTREADY%29\Buffers</Filter>
    </ClInclude>
    <ClInclude Include="GlFrameBuffer.h">
      <Filter>Engine\OpenGLGraphics%28NOTREADY%29\Buffers</Filter>
    </ClInclude>
    <ClInclude Include="ShaderComponent.h">
      <Filter>Engine\OpenGLGraphics%28NOTREADY%29\Shader</Filter>
    </ClInclude>
    <ClInclude Include="GLBuffers.h">
      <Filter>Engine\OpenGLGraphics%28NOTREADY%29\Buffers</Filter>
    </ClInclude>
    <ClInclude Include="GLTexture2D.h">
      <Filter>Engine\OpenGLGraphics%28NOTREADY%29</Filter>
    </ClInclude>
    <ClInclude Include="Command.h">
      <Filter>Engine</Filter>
    </ClInclude>
    <ClInclude Include="..\3rdParty\imgui\imgui_plot.h">
      <Filter>Engine\ImGUI</Filter>
    </ClInclude>
    <ClInclude Include="Buffers.h">
      <Filter>Engine\OpenGLGraphics%28NOTREADY%29\Buffers</Filter>
    </ClInclude>
  </ItemGroup>
  <ItemGroup>
    <ClCompile Include="Font.cpp">
      <Filter>Engine</Filter>
    </ClCompile>
    <ClCompile Include="GameObject.cpp">
      <Filter>Engine</Filter>
    </ClCompile>
    <ClCompile Include="InputManager.cpp">
      <Filter>Engine</Filter>
    </ClCompile>
    <ClCompile Include="Main.cpp">
      <Filter>Engine</Filter>
    </ClCompile>
    <ClCompile Include="Minigin.cpp">
      <Filter>Engine</Filter>
    </ClCompile>
    <ClCompile Include="ResourceManager.cpp">
      <Filter>Engine</Filter>
    </ClCompile>
    <ClCompile Include="Scene.cpp">
      <Filter>Engine</Filter>
    </ClCompile>
    <ClCompile Include="SceneManager.cpp">
      <Filter>Engine</Filter>
    </ClCompile>
    <ClCompile Include="Texture2D.cpp">
      <Filter>Engine</Filter>
    </ClCompile>
    <ClCompile Include="WorldTimeManager.cpp">
      <Filter>Engine</Filter>
    </ClCompile>
    <ClCompile Include="Component.cpp">
      <Filter>Engine\Components</Filter>
    </ClCompile>
    <ClCompile Include="TextComponent.cpp">
      <Filter>Engine\Components</Filter>
    </ClCompile>
    <ClCompile Include="FPSComponent.cpp">
      <Filter>Engine\Components</Filter>
    </ClCompile>
    <ClCompile Include="TextureComponent.cpp">
      <Filter>Engine\Components</Filter>
    </ClCompile>
    <ClCompile Include="TransformComponent.cpp">
      <Filter>Engine\Components</Filter>
    </ClCompile>
    <ClCompile Include="RotatorComponent.cpp">
      <Filter>Engine\Components</Filter>
    </ClCompile>
    <ClCompile Include="..\3rdParty\imgui\imgui.cpp">
      <Filter>Engine\ImGUI</Filter>
    </ClCompile>
    <ClCompile Include="..\3rdParty\imgui\imgui_demo.cpp">
      <Filter>Engine\ImGUI</Filter>
    </ClCompile>
    <ClCompile Include="..\3rdParty\imgui\imgui_draw.cpp">
      <Filter>Engine\ImGUI</Filter>
    </ClCompile>
    <ClCompile Include="..\3rdParty\imgui\imgui_tables.cpp">
      <Filter>Engine\ImGUI</Filter>
    </ClCompile>
    <ClCompile Include="..\3rdParty\imgui\imgui_widgets.cpp">
      <Filter>Engine\ImGUI</Filter>
    </ClCompile>
    <ClCompile Include="..\3rdParty\imgui\backends\imgui_impl_opengl3.cpp">
      <Filter>Engine\ImGUI</Filter>
    </ClCompile>
    <ClCompile Include="..\3rdParty\imgui\backends\imgui_impl_sdl2.cpp">
      <Filter>Engine\ImGUI</Filter>
    </ClCompile>
    <ClCompile Include="Renderer.cpp">
      <Filter>Engine\Renderers</Filter>
    </ClCompile>
    <ClCompile Include="ImguiRenderer.cpp">
      <Filter>Engine\Renderers</Filter>
    </ClCompile>
    <ClCompile Include="GLSDLManager.cpp">
      <Filter>Engine\GL&amp;SDL</Filter>
    </ClCompile>
    <ClCompile Include="glad.c">
      <Filter>Engine\GL&amp;SDL</Filter>
    </ClCompile>
    <ClCompile Include="Mesh2DComponent.cpp">
      <Filter>Engine\OpenGLGraphics%28NOTREADY%29</Filter>
    </ClCompile>
    <ClCompile Include="FrameBuffer.cpp">
      <Filter>Engine\OpenGLGraphics%28NOTREADY%29\Buffers</Filter>
    </ClCompile>
    <ClCompile Include="GlFrameBuffer.cpp">
      <Filter>Engine\OpenGLGraphics%28NOTREADY%29\Buffers</Filter>
    </ClCompile>
    <ClCompile Include="ShaderComponent.cpp">
      <Filter>Engine\OpenGLGraphics%28NOTREADY%29\Shader</Filter>
    </ClCompile>
    <ClCompile Include="GLBuffers.cpp">
      <Filter>Engine\OpenGLGraphics%28NOTREADY%29\Buffers</Filter>
    </ClCompile>
    <ClCompile Include="GLTexture2D.cpp">
      <Filter>Engine\OpenGLGraphics%28NOTREADY%29</Filter>
    </ClCompile>
    <ClCompile Include="Command.cpp">
      <Filter>Engine</Filter>
    </ClCompile>
    <ClCompile Include="..\3rdParty\imgui\imgui_plot.cpp">
      <Filter>Engine\ImGUI</Filter>
    </ClCompile>
    <ClCompile Include="Buffers.cpp">
      <Filter>Engine\OpenGLGraphics%28NOTREADY%29\Buffers</Filter>
    </ClCompile>
  </ItemGroup>
</Project>