<?xml version="1.0" encoding="utf-8"?>
<Project ToolsVersion="4.0" xmlns="http://schemas.microsoft.com/developer/msbuild/2003">
  <ItemGroup>
    <Filter Include="Resource Files">
      <UniqueIdentifier>{67DA6AB6-F800-4c08-8B7A-83BB121AAD01}</UniqueIdentifier>
      <Extensions>rc;ico;cur;bmp;dlg;rc2;rct;bin;rgs;gif;jpg;jpeg;jpe;resx;tiff;tif;png;wav;mfcribbon-ms</Extensions>
    </Filter>
    <Filter Include="GameFIles">
      <UniqueIdentifier>{93995380-89BD-4b04-88EB-625FBE52EBFB}</UniqueIdentifier>
      <Extensions>h;hh;hpp;hxx;h++;hm;inl;inc;ipp;xsd</Extensions>
    </Filter>
    <Filter Include="GameFIles\Components">
      <UniqueIdentifier>{970efed1-3330-4c30-b8b8-0ef84a022554}</UniqueIdentifier>
    </Filter>
    <Filter Include="GameFIles\Event">
      <UniqueIdentifier>{a81148b7-d8d1-4ef9-939c-1c07ae679ac8}</UniqueIdentifier>
    </Filter>
    <Filter Include="GameFIles\Commands">
      <UniqueIdentifier>{be6bfbed-6fd7-4198-8af7-f20cda54bebb}</UniqueIdentifier>
    </Filter>
    <Filter Include="GameFIles\Components\UI">
      <UniqueIdentifier>{895d18b2-1bb3-4515-a880-7cbf3e9e9a28}</UniqueIdentifier>
    </Filter>
    <Filter Include="GameFIles\GameState">
      <UniqueIdentifier>{ebb613d1-548a-45ac-88ad-c0bea502e92c}</UniqueIdentifier>
    </Filter>
    <Filter Include="GameFIles\Components\AI">
      <UniqueIdentifier>{f70661b9-a769-4564-9ef3-0ad24fec4f46}</UniqueIdentifier>
    </Filter>
    <Filter Include="GameFIles\Components\Player">
      <UniqueIdentifier>{4abe46c9-4627-4d1c-a63f-a4f56574e43b}</UniqueIdentifier>
    </Filter>
  </ItemGroup>
  <ItemGroup>
    <ClCompile Include="JsonLevelLoader.cpp">
      <Filter>GameFIles\Components</Filter>
    </ClCompile>
    <ClCompile Include="BombComponent.cpp">
      <Filter>GameFIles\Components</Filter>
    </ClCompile>
    <ClCompile Include="BreakableWallComponent.cpp">
      <Filter>GameFIles\Components</Filter>
    </ClCompile>
    <ClCompile Include="DamageComponent.cpp">
      <Filter>GameFIles\Components</Filter>
    </ClCompile>
    <ClCompile Include="HealthComponent.cpp">
      <Filter>GameFIles\Components</Filter>
    </ClCompile>
    <ClCompile Include="HealthDisplayComponent.cpp">
      <Filter>GameFIles\Components</Filter>
    </ClCompile>
    <ClCompile Include="MovementComponent.cpp">
      <Filter>GameFIles\Components</Filter>
    </ClCompile>
    <ClCompile Include="PickUpComponent.cpp">
      <Filter>GameFIles\Components</Filter>
    </ClCompile>
    <ClCompile Include="PlaceBombComponent.cpp">
      <Filter>GameFIles\Components</Filter>
    </ClCompile>
    <ClCompile Include="ScoreComponent.cpp">
      <Filter>GameFIles\Components</Filter>
    </ClCompile>
    <ClCompile Include="ScoreDisplayComponent.cpp">
      <Filter>GameFIles\Components</Filter>
    </ClCompile>
    <ClCompile Include="EventAddScore.cpp">
      <Filter>GameFIles\Event</Filter>
    </ClCompile>
    <ClCompile Include="PlaceBombCommand.cpp">
      <Filter>GameFIles\Commands</Filter>
    </ClCompile>
    <ClCompile Include="Bomberman.cpp">
      <Filter>GameFIles</Filter>
    </ClCompile>
    <ClCompile Include="NavigationSystem.cpp">
      <Filter>GameFIles\Components\AI</Filter>
    </ClCompile>
    <ClCompile Include="AIBehaviorComponent.cpp">
      <Filter>GameFIles\Components\AI</Filter>
    </ClCompile>
    <ClCompile Include="AIStates.cpp">
      <Filter>GameFIles\Components\AI</Filter>
    </ClCompile>
    <ClCompile Include="WorldGrid.cpp">
      <Filter>GameFIles</Filter>
    </ClCompile>
    <ClCompile Include="AIPerceptionComponent.cpp">
      <Filter>GameFIles\Components\AI</Filter>
    </ClCompile>
    <ClCompile Include="AIAnimationControllerComponent.cpp">
      <Filter>GameFIles\Components\AI</Filter>
    </ClCompile>
    <ClCompile Include="HUDComponent.cpp">
      <Filter>GameFIles\Components\UI</Filter>
    </ClCompile>
    <ClCompile Include="UIButtonComponent.cpp">
      <Filter>GameFIles\Components\UI</Filter>
    </ClCompile>
    <ClCompile Include="MenuComponent.cpp">
      <Filter>GameFIles\Components\UI</Filter>
    </ClCompile>
    <ClCompile Include="GameManager.cpp">
      <Filter>GameFIles\GameState</Filter>
    </ClCompile>
    <ClCompile Include="GameState.cpp">
      <Filter>GameFIles\GameState</Filter>
    </ClCompile>
    <ClCompile Include="ExitComponent.cpp">
      <Filter>GameFIles\Components</Filter>
    </ClCompile>
    <ClCompile Include="AIScoreComponent.cpp">
      <Filter>GameFIles\Components\AI</Filter>
    </ClCompile>
    <ClCompile Include="GameCommands.cpp">
      <Filter>GameFIles\Commands</Filter>
    </ClCompile>
    <ClCompile Include="PlayerDeathComponent.cpp">
      <Filter>GameFIles\Components\Player</Filter>
    </ClCompile>
    <ClCompile Include="DeathCheckerComponent.cpp">
      <Filter>GameFIles\Components\Player</Filter>
    </ClCompile>
    <ClCompile Include="JsonHighScoreLoaderComponent.cpp">
      <Filter>GameFIles\Components\UI</Filter>
    </ClCompile>
    <ClCompile Include="HighScoreMenuComponent.cpp">
      <Filter>GameFIles\Components\UI</Filter>
    </ClCompile>
    <ClCompile Include="HighScoreEntryComponent.cpp">
      <Filter>GameFIles\Components\UI</Filter>
    </ClCompile>
    <ClCompile Include="MenuCommands.cpp">
      <Filter>GameFIles\Commands</Filter>
    </ClCompile>
    <ClCompile Include="AIDamageComponent.cpp">
      <Filter>GameFIles\Components\AI</Filter>
    </ClCompile>
  </ItemGroup>
  <ItemGroup>
    <ClInclude Include="BombComponent.h">
      <Filter>GameFIles\Components</Filter>
    </ClInclude>
    <ClInclude Include="BreakableWallComponent.h">
      <Filter>GameFIles\Components</Filter>
    </ClInclude>
    <ClInclude Include="DamageComponent.h">
      <Filter>GameFIles\Components</Filter>
    </ClInclude>
    <ClInclude Include="EventAddScore.h">
      <Filter>GameFIles\Event</Filter>
    </ClInclude>
    <ClInclude Include="HealthComponent.h">
      <Filter>GameFIles\Components</Filter>
    </ClInclude>
    <ClInclude Include="HealthDisplayComponent.h">
      <Filter>GameFIles\Components</Filter>
    </ClInclude>
    <ClInclude Include="JsonLevelLoader.h">
      <Filter>GameFIles\Components</Filter>
    </ClInclude>
    <ClInclude Include="MovementComponent.h">
      <Filter>GameFIles\Components</Filter>
    </ClInclude>
    <ClInclude Include="PickUpComponent.h">
      <Filter>GameFIles\Components</Filter>
    </ClInclude>
    <ClInclude Include="PlaceBombComponent.h">
      <Filter>GameFIles\Components</Filter>
    </ClInclude>
    <ClInclude Include="ScoreComponent.h">
      <Filter>GameFIles\Components</Filter>
    </ClInclude>
    <ClInclude Include="ScoreDisplayComponent.h">
      <Filter>GameFIles\Components</Filter>
    </ClInclude>
    <ClInclude Include="HealthEvents.h">
      <Filter>GameFIles\Event</Filter>
    </ClInclude>
    <ClInclude Include="PlaceBombCommand.h">
      <Filter>GameFIles\Commands</Filter>
    </ClInclude>
    <ClInclude Include="ExplosionEvent.h">
      <Filter>GameFIles\Event</Filter>
    </ClInclude>
    <ClInclude Include="NavigationSystem.h">
      <Filter>GameFIles\Components\AI</Filter>
    </ClInclude>
    <ClInclude Include="AIBehaviorComponent.h">
      <Filter>GameFIles\Components\AI</Filter>
    </ClInclude>
    <ClInclude Include="AIStates.h">
      <Filter>GameFIles\Components\AI</Filter>
    </ClInclude>
    <ClInclude Include="WorldGrid.h">
      <Filter>GameFIles</Filter>
    </ClInclude>
    <ClInclude Include="AIPerceptionComponent.h">
      <Filter>GameFIles\Components\AI</Filter>
    </ClInclude>
    <ClInclude Include="AIEvents.h">
      <Filter>GameFIles\Components\AI</Filter>
    </ClInclude>
    <ClInclude Include="AIAnimationControllerComponent.h">
      <Filter>GameFIles\Components\AI</Filter>
    </ClInclude>
    <ClInclude Include="HUDComponent.h">
      <Filter>GameFIles\Components\UI</Filter>
    </ClInclude>
    <ClInclude Include="UIButtonComponent.h">
      <Filter>GameFIles\Components\UI</Filter>
    </ClInclude>
    <ClInclude Include="MenuComponent.h">
      <Filter>GameFIles\Components\UI</Filter>
    </ClInclude>
    <ClInclude Include="GameManager.h">
      <Filter>GameFIles\GameState</Filter>
    </ClInclude>
    <ClInclude Include="GameState.h">
      <Filter>GameFIles\GameState</Filter>
    </ClInclude>
    <ClInclude Include="ExitComponent.h">
      <Filter>GameFIles\Components</Filter>
    </ClInclude>
    <ClInclude Include="AIScoreComponent.h">
      <Filter>GameFIles\Components\AI</Filter>
    </ClInclude>
    <ClInclude Include="GameCommands.h">
      <Filter>GameFIles\Commands</Filter>
    </ClInclude>
    <ClInclude Include="PlayerDeathComponent.h">
      <Filter>GameFIles\Components\Player</Filter>
    </ClInclude>
    <ClInclude Include="DeathCheckerComponent.h">
      <Filter>GameFIles\Components\Player</Filter>
    </ClInclude>
    <ClInclude Include="MovementCommand.h">
      <Filter>GameFIles\Commands</Filter>
    </ClInclude>
    <ClInclude Include="JsonHighScoreLoaderComponent.h">
      <Filter>GameFIles\Components\UI</Filter>
    </ClInclude>
    <ClInclude Include="HighScoreMenuComponent.h">
      <Filter>GameFIles\Components\UI</Filter>
    </ClInclude>
    <ClInclude Include="HighScoreEntryComponent.h">
      <Filter>GameFIles\Components\UI</Filter>
    </ClInclude>
    <ClInclude Include="MenuCommands.h">
      <Filter>GameFIles\Commands</Filter>
    </ClInclude>
    <ClInclude Include="AIDamageComponent.h">
      <Filter>GameFIles\Components\AI</Filter>
    </ClInclude>
  </ItemGroup>
</Project>